
Microsoft Visual Studio Solution File, Format Version 12.00
# Visual Studio Version 17
VisualStudioVersion = 17.11.35312.102
MinimumVisualStudioVersion = 10.0.40219.1
Project("{9A19103F-16F7-4668-BE54-9A1E7A4F7556}") = "LoadMeasurementPanel.Web", "LoadMeasurementPanel.Web\LoadMeasurementPanel.Web.csproj", "{20AC81FC-054C-4FF7-9486-46CEEB77172A}"
EndProject
Global
	GlobalSection(SolutionConfigurationPlatforms) = preSolution
		Debug|Any CPU = Debug|Any CPU
		Release|Any CPU = Release|Any CPU
	EndGlobalSection
	GlobalSection(ProjectConfigurationPlatforms) = postSolution
		{20AC81FC-054C-4FF7-9486-46CEEB77172A}.Debug|Any CPU.ActiveCfg = Debug|Any CPU
		{20AC81FC-054C-4FF7-9486-46CEEB77172A}.Debug|Any CPU.Build.0 = Debug|Any CPU
		{20AC81FC-054C-4FF7-9486-46CEEB77172A}.Release|Any CPU.ActiveCfg = Release|Any CPU
		{20AC81FC-054C-4FF7-9486-46CEEB77172A}.Release|Any CPU.Build.0 = Release|Any CPU
	EndGlobalSection
	GlobalSection(SolutionProperties) = preSolution
		HideSolutionNode = FALSE
	EndGlobalSection
	GlobalSection(ExtensibilityGlobals) = postSolution
		SolutionGuid = {B4321CE5-0640-47C1-BFF3-B280A71BDFB4}
	EndGlobalSection
EndGlobal
